lockfileVersion: '6.0'

dependencies:
  '@prisma/client':
    specifier: ^4.14.1
    version: 4.14.1(prisma@4.14.1)

devDependencies:
  prisma:
    specifier: ^4.14.1
    version: 4.14.1
  prisma-json-types-generator:
    specifier: ^2.4.0
    version: 2.4.0
  typescript:
    specifier: ^5.0.4
    version: 5.0.4

packages:

  /@prisma/client@4.14.1(prisma@4.14.1):
    resolution: {integrity: sha512-TZIswkeX1ccsHG/eN2kICzg/csXll0osK3EHu1QKd8VJ3XLcXozbNELKkCNfsCUvKJAwPdDtFCzF+O+raIVldw==}
    engines: {node: '>=14.17'}
    requiresBuild: true
    peerDependencies:
      prisma: '*'
    peerDependenciesMeta:
      prisma:
        optional: true
    dependencies:
      '@prisma/engines-version': 4.14.0-67.d9a4c5988f480fa576d43970d5a23641aa77bc9c
      prisma: 4.14.1
    dev: false

  /@prisma/debug@4.14.1:
    resolution: {integrity: sha512-jZjNZimL7FVlSyL78r/w9pSqu2s1y+5JGyi0Ajvq17cBCdDzMONGM76PDKBWjOusRhbZD4xcTQ5kfr9JqM0I2A==}
    dependencies:
      '@types/debug': 4.1.7
      debug: 4.3.4
      strip-ansi: 6.0.1
    transitivePeerDependencies:
      - supports-color
    dev: true

  /@prisma/engines-version@4.14.0-67.d9a4c5988f480fa576d43970d5a23641aa77bc9c:
    resolution: {integrity: sha512-3jum8/YSudeSN0zGW5qkpz+wAN2V/NYCQ+BPjvHYDfWatLWlQkqy99toX0GysDeaUoBIJg1vaz2yKqiA3CFcQw==}
    dev: false

  /@prisma/engines@4.14.1:
    resolution: {integrity: sha512-APqFddPVHYmWNKqc+5J5SqrLFfOghKOLZxobmguDUacxOwdEutLsbXPVhNnpFDmuQWQFbXmrTTPoRrrF6B1MWA==}
    requiresBuild: true

  /@prisma/generator-helper@4.14.1:
    resolution: {integrity: sha512-7mxfM6NTLsUgbmx8t+AQTtOdDuUMG+D4K5QtALQP1A3MD7wZy2O+Np4apbvVJwNUn1286PZWk2DTv4cF7XiK3w==}
    dependencies:
      '@prisma/debug': 4.14.1
      '@types/cross-spawn': 6.0.2
      cross-spawn: 7.0.3
      kleur: 4.1.5
    transitivePeerDependencies:
      - supports-color
    dev: true

  /@types/cross-spawn@6.0.2:
    resolution: {integrity: sha512-KuwNhp3eza+Rhu8IFI5HUXRP0LIhqH5cAjubUvGXXthh4YYBuP2ntwEX+Cz8GJoZUHlKo247wPWOfA9LYEq4cw==}
    dependencies:
      '@types/node': 20.2.0
    dev: true

  /@types/debug@4.1.7:
    resolution: {integrity: sha512-9AonUzyTjXXhEOa0DnqpzZi6VHlqKMswga9EXjpXnnqxwLtdvPPtlO8evrI5D9S6asFRCQ6v+wpiUKbw+vKqyg==}
    dependencies:
      '@types/ms': 0.7.31
    dev: true

  /@types/ms@0.7.31:
    resolution: {integrity: sha512-iiUgKzV9AuaEkZqkOLDIvlQiL6ltuZd9tGcW3gwpnX8JbuiuhFlEGmmFXEXkN50Cvq7Os88IY2v0dkDqXYWVgA==}
    dev: true

  /@types/node@20.2.0:
    resolution: {integrity: sha512-3iD2jaCCziTx04uudpJKwe39QxXgSUnpxXSvRQjRvHPxFQfmfP4NXIm/NURVeNlTCc+ru4WqjYGTmpXrW9uMlw==}
    dev: true

  /ansi-regex@5.0.1:
    resolution: {integrity: sha512-quJQXlTSUGL2LH9SUXo8VwsY4soanhgo6LNSm84E1LBcE8s3O0wpdiRzyR9z/ZZJMlMWv37qOOb9pdJlMUEKFQ==}
    engines: {node: '>=8'}
    dev: true

  /cross-spawn@7.0.3:
    resolution: {integrity: sha512-iRDPJKUPVEND7dHPO8rkbOnPpyDygcDFtWjpeWNCgy8WP2rXcxXL8TskReQl6OrB2G7+UJrags1q15Fudc7G6w==}
    engines: {node: '>= 8'}
    dependencies:
      path-key: 3.1.1
      shebang-command: 2.0.0
      which: 2.0.2
    dev: true

  /debug@4.3.4:
    resolution: {integrity: sha512-PRWFHuSU3eDtQJPvnNY7Jcket1j0t5OuOsFzPPzsekD52Zl8qUfFIPEiswXqIvHWGVHOgX+7G/vCNNhehwxfkQ==}
    engines: {node: '>=6.0'}
    peerDependencies:
      supports-color: '*'
    peerDependenciesMeta:
      supports-color:
        optional: true
    dependencies:
      ms: 2.1.2
    dev: true

  /isexe@2.0.0:
    resolution: {integrity: sha512-RHxMLp9lnKHGHRng9QFhRCMbYAcVpn69smSGcq3f36xjgVVWThj4qqLbTLlq7Ssj8B+fIQ1EuCEGI2lKsyQeIw==}
    dev: true

  /kleur@4.1.5:
    resolution: {integrity: sha512-o+NO+8WrRiQEE4/7nwRJhN1HWpVmJm511pBHUxPLtp0BUISzlBplORYSmTclCnJvQq2tKu/sgl3xVpkc7ZWuQQ==}
    engines: {node: '>=6'}
    dev: true

  /ms@2.1.2:
    resolution: {integrity: sha512-sGkPx+VjMtmA6MX27oA4FBFELFCZZ4S4XqeGOXCv68tT+jb3vk/RyaKWP0PTKyWtmLSM0b+adUTEvbs1PEaH2w==}
    dev: true

  /path-key@3.1.1:
    resolution: {integrity: sha512-ojmeN0qd+y0jszEtoY48r0Peq5dwMEkIlCOu6Q5f41lfkswXuKtYrhgoTpLnyIcHm24Uhqx+5Tqm2InSwLhE6Q==}
    engines: {node: '>=8'}
    dev: true

  /prisma-json-types-generator@2.4.0:
    resolution: {integrity: sha512-iOdo8sBoUz2jCi+kw5nwACbe0QHcPIIEToXyvn0cW5IJhPEhoYbY/XwMhEDIEla247YhXe1yYPiKwviFm9LNpg==}
    engines: {node: '>=14.0'}
    hasBin: true
    dependencies:
      '@prisma/generator-helper': 4.14.1
      tslib: 2.5.1
    transitivePeerDependencies:
      - supports-color
    dev: true

  /prisma@4.14.1:
    resolution: {integrity: sha512-z6hxzTMYqT9SIKlzD08dhzsLUpxjFKKsLpp5/kBDnSqiOjtUyyl/dC5tzxLcOa3jkEHQ8+RpB/fE3w8bgNP51g==}
    engines: {node: '>=14.17'}
    hasBin: true
    requiresBuild: true
    dependencies:
      '@prisma/engines': 4.14.1

  /shebang-command@2.0.0:
    resolution: {integrity: sha512-kHxr2zZpYtdmrN1qDjrrX/Z1rR1kG8Dx+gkpK1G4eXmvXswmcE1hTWBWYUzlraYw1/yZp6YuDY77YtvbN0dmDA==}
    engines: {node: '>=8'}
    dependencies:
      shebang-regex: 3.0.0
    dev: true

  /shebang-regex@3.0.0:
    resolution: {integrity: sha512-7++dFhtcx3353uBaq8DDR4NuxBetBzC7ZQOhmTQInHEd6bSrXdiEyzCvG07Z44UYdLShWUyXt5M/yhz8ekcb1A==}
    engines: {node: '>=8'}
    dev: true

  /strip-ansi@6.0.1:
    resolution: {integrity: sha512-Y38VPSHcqkFrCpFnQ9vuSXmquuv5oXOKpGeT6aGrr3o3Gc9AlVa6JBfUSOCnbxGGZF+/0ooI7KrPuUSztUdU5A==}
    engines: {node: '>=8'}
    dependencies:
      ansi-regex: 5.0.1
    dev: true

  /tslib@2.5.1:
    resolution: {integrity: sha512-KaI6gPil5m9vF7DKaoXxx1ia9fxS4qG5YveErRRVknPDXXriu5M8h48YRjB6h5ZUOKuAKlSJYb0GaDe8I39fRw==}
    dev: true

  /typescript@5.0.4:
    resolution: {integrity: sha512-cW9T5W9xY37cc+jfEnaUvX91foxtHkza3Nw3wkoF4sSlKn0MONdkdEndig/qPBWXNkmplh3NzayQzCiHM4/hqw==}
    engines: {node: '>=12.20'}
    hasBin: true
    dev: true

  /which@2.0.2:
    resolution: {integrity: sha512-BLI3Tl1TW3Pvl70l3yq3Y64i+awpwXqsGBYWkkqMtnbXgrMD+yj7rhW0kuEDxzJaYXGjEW5ogapKNMEKNMjibA==}
    engines: {node: '>= 8'}
    hasBin: true
    dependencies:
      isexe: 2.0.0
    dev: true
